xsls: []
tests:
  - //o[@base='string' and text()='Hi, there\nAdiós']
  - //o[@base='string' and text()='first\n second']
  - //o[@base='string' and text()='   third']
  - //o[@base='string' and text()='forth']
eo: |
  # Two lines
  """
  Hi, there
  Adiós
  """ > txt

  # Preserve margin
  stdout
    """
    first
     second
    """

  # Preserve margin
  stdout
    """
       third
    """
  # Negative margin
  stdout
    """
  forth
    """
