# SPDX-FileCopyrightText: Copyright (c) 2016-2026 Objectionary.com
# SPDX-License-Identifier: MIT
---
# yamllint disable rule:line-length
line: 5
message: "an argument cannot carry a name, move it into the formation body or give it a `>>` handle"
input: |
  [] > app
    and > result
      [x] > bar
        x > @
      | 5 > baz
