# SPDX-FileCopyrightText: Copyright (c) 2016-2026 Objectionary.com
# SPDX-License-Identifier: MIT
---
# yamllint disable rule:line-length
sheets: []
asserts:
  - /object[not(errors)]
  - //o[@base='ξ.y.plus' and count(o)=1]
  - //o[@base='ξ.y.plus']/o[@base='ξ.result']
  - //o[@name='app']/o[@name='foo' and not(@base) and o[@base='∅' and @name='x']]
  - //o[@name='app']/o[starts-with(@base,'ξ.foo') and o[@base='Φ.number']]
  - //o[@name='app']/o[@name='result']/@base = concat('ξ.', //o[@name='app']/o[starts-with(@base,'ξ.foo')]/@name)
input: |
  [y] > app
    y.plus > @
      [x] > foo
        x.plus 1 > @
      | 1 >>
      | 2 > result
